{
  "requires": true,
  "lockfileVersion": 1,
  "dependencies": {
    "@types/node": {
      "version": "12.6.6",
      "resolved": "https://registry.npmjs.org/@types/node/-/node-12.6.6.tgz",
      "integrity": "sha512-SMgj3x28MkJyHdWaMv/g/ca3LYDi5gR7O8mX0VKazvFOnmlDXctSEdd/8jfSqozjKFK1R9If1QZWkafX7yQTpA=="
    }
  }
}
